
Microsoft Visual Studio Solution File, Format Version 12.00
# Visual Studio 15
VisualStudioVersion = 15.0.28307.168
MinimumVisualStudioVersion = 10.0.40219.1
Project("{FAE04EC0-301F-11D3-BF4B-00C04F79EFBC}") = "VERSION1", "VERSION1\VERSION1.csproj", "{67B9F784-892C-47FE-8222-977178840C06}"
EndProject
Global
	GlobalSection(SolutionConfigurationPlatforms) = preSolution
		Debug|Any CPU = Debug|Any CPU
		Release|Any CPU = Release|Any CPU
	EndGlobalSection
	GlobalSection(ProjectConfigurationPlatforms) = postSolution
		{67B9F784-892C-47FE-8222-977178840C06}.Debug|Any CPU.ActiveCfg = Debug|Any CPU
		{67B9F784-892C-47FE-8222-977178840C06}.Debug|Any CPU.Build.0 = Debug|Any CPU
		{67B9F784-892C-47FE-8222-977178840C06}.Release|Any CPU.ActiveCfg = Release|Any CPU
		{67B9F784-892C-47FE-8222-977178840C06}.Release|Any CPU.Build.0 = Release|Any CPU
	EndGlobalSection
	GlobalSection(SolutionProperties) = preSolution
		HideSolutionNode = FALSE
	EndGlobalSection
	GlobalSection(ExtensibilityGlobals) = postSolution
		SolutionGuid = {39151E23-9A35-404A-8BCE-50C7B45DF466}
	EndGlobalSection
EndGlobal
